
Microsoft Visual Studio Solution File, Format Version 12.00
# Visual Studio Version 16
VisualStudioVersion = 16.0.30907.101
MinimumVisualStudioVersion = 10.0.40219.1
Project("{FAE04EC0-301F-11D3-BF4B-00C04F79EFBC}") = "WCFServices", "WCFServices\WCFServices.csproj", "{82CF7F1A-A576-4EB5-A118-0826D38B499D}"
EndProject
Project("{FAE04EC0-301F-11D3-BF4B-00C04F79EFBC}") = "UPC.AAD.UT", "UPC.AAD.UT\UPC.AAD.UT.csproj", "{4200BD95-78EC-461B-B7B0-905D5BA978DD}"
EndProject
Global
	GlobalSection(SolutionConfigurationPlatforms) = preSolution
		Debug|Any CPU = Debug|Any CPU
		Release|Any CPU = Release|Any CPU
	EndGlobalSection
	GlobalSection(ProjectConfigurationPlatforms) = postSolution
		{82CF7F1A-A576-4EB5-A118-0826D38B499D}.Debug|Any CPU.ActiveCfg = Debug|Any CPU
		{82CF7F1A-A576-4EB5-A118-0826D38B499D}.Debug|Any CPU.Build.0 = Debug|Any CPU
		{82CF7F1A-A576-4EB5-A118-0826D38B499D}.Release|Any CPU.ActiveCfg = Release|Any CPU
		{82CF7F1A-A576-4EB5-A118-0826D38B499D}.Release|Any CPU.Build.0 = Release|Any CPU
		{4200BD95-78EC-461B-B7B0-905D5BA978DD}.Debug|Any CPU.ActiveCfg = Debug|Any CPU
		{4200BD95-78EC-461B-B7B0-905D5BA978DD}.Debug|Any CPU.Build.0 = Debug|Any CPU
		{4200BD95-78EC-461B-B7B0-905D5BA978DD}.Release|Any CPU.ActiveCfg = Release|Any CPU
		{4200BD95-78EC-461B-B7B0-905D5BA978DD}.Release|Any CPU.Build.0 = Release|Any CPU
	EndGlobalSection
	GlobalSection(SolutionProperties) = preSolution
		HideSolutionNode = FALSE
	EndGlobalSection
	GlobalSection(ExtensibilityGlobals) = postSolution
		SolutionGuid = {7B50E6E5-0366-41BB-BDE5-D2C659D4E2E5}
	EndGlobalSection
EndGlobal
